
Microsoft Visual Studio Solution File, Format Version 12.00
# Visual Studio Version 17
VisualStudioVersion = 17.11.35303.130
MinimumVisualStudioVersion = 10.0.40219.1
Project("{FAE04EC0-301F-11D3-BF4B-00C04F79EFBC}") = "ComplexPdfProcessor.API", "ComplexPdfProcessor.API\ComplexPdfProcessor.API.csproj", "{56D9BB0E-4A81-48F0-83C3-7F7E07713576}"
EndProject
Project("{FAE04EC0-301F-11D3-BF4B-00C04F79EFBC}") = "ComplexPdfProcessor.Tests", "ComplexPdfProcessor.Tests\ComplexPdfProcessor.Tests.csproj", "{364462EB-A71B-4DB9-A7C1-A9227948F0FB}"
EndProject
Global
	GlobalSection(SolutionConfigurationPlatforms) = preSolution
		Debug|Any CPU = Debug|Any CPU
		Release|Any CPU = Release|Any CPU
	EndGlobalSection
	GlobalSection(ProjectConfigurationPlatforms) = postSolution
		{56D9BB0E-4A81-48F0-83C3-7F7E07713576}.Debug|Any CPU.ActiveCfg = Debug|Any CPU
		{56D9BB0E-4A81-48F0-83C3-7F7E07713576}.Debug|Any CPU.Build.0 = Debug|Any CPU
		{56D9BB0E-4A81-48F0-83C3-7F7E07713576}.Release|Any CPU.ActiveCfg = Release|Any CPU
		{56D9BB0E-4A81-48F0-83C3-7F7E07713576}.Release|Any CPU.Build.0 = Release|Any CPU
		{364462EB-A71B-4DB9-A7C1-A9227948F0FB}.Debug|Any CPU.ActiveCfg = Debug|Any CPU
		{364462EB-A71B-4DB9-A7C1-A9227948F0FB}.Debug|Any CPU.Build.0 = Debug|Any CPU
		{364462EB-A71B-4DB9-A7C1-A9227948F0FB}.Release|Any CPU.ActiveCfg = Release|Any CPU
		{364462EB-A71B-4DB9-A7C1-A9227948F0FB}.Release|Any CPU.Build.0 = Release|Any CPU
	EndGlobalSection
	GlobalSection(SolutionProperties) = preSolution
		HideSolutionNode = FALSE
	EndGlobalSection
	GlobalSection(ExtensibilityGlobals) = postSolution
		SolutionGuid = {2F8912B1-6931-4AD6-A330-4BB4B6292D75}
	EndGlobalSection
EndGlobal
